
Microsoft Visual Studio Solution File, Format Version 12.00
# Visual Studio Version 17
VisualStudioVersion = 17.12.35209.166
MinimumVisualStudioVersion = 10.0.40219.1
Project("{FAE04EC0-301F-11D3-BF4B-00C04F79EFBC}") = "DiplayName", "DiplayName\DiplayName.csproj", "{B1ED7E29-C53B-4055-8710-2AD126342FB1}"
EndProject
Global
	GlobalSection(SolutionConfigurationPlatforms) = preSolution
		Debug|Any CPU = Debug|Any CPU
		Release|Any CPU = Release|Any CPU
	EndGlobalSection
	GlobalSection(ProjectConfigurationPlatforms) = postSolution
		{B1ED7E29-C53B-4055-8710-2AD126342FB1}.Debug|Any CPU.ActiveCfg = Debug|Any CPU
		{B1ED7E29-C53B-4055-8710-2AD126342FB1}.Debug|Any CPU.Build.0 = Debug|Any CPU
		{B1ED7E29-C53B-4055-8710-2AD126342FB1}.Release|Any CPU.ActiveCfg = Release|Any CPU
		{B1ED7E29-C53B-4055-8710-2AD126342FB1}.Release|Any CPU.Build.0 = Release|Any CPU
	EndGlobalSection
	GlobalSection(SolutionProperties) = preSolution
		HideSolutionNode = FALSE
	EndGlobalSection
	GlobalSection(ExtensibilityGlobals) = postSolution
		SolutionGuid = {F88C176F-A8A8-4483-87FD-6F032973FB96}
	EndGlobalSection
EndGlobal
